{
  "name": "wormhole",
  "version": "1.0.0",
  "lockfileVersion": 1,
  "requires": true,
  "dependencies": {
    "tiny-game-engine": {
      "version": "git+ssh://git@github.com/tunylund/tiny-game-engine.git#4801aa409f72648b70b7cac0528e4f44173dd6ad",
      "from": "git+ssh://git@github.com/tunylund/tiny-game-engine.git#4801aa4"
    }
  }
}
